// !$*UTF8*$!
{
	archiveVersion = 1;
	classes = {
	};
	objectVersion = 50;
	objects = {

/* Begin PBXBuildFile section */
		05C4AA1020910C6200D815C7 /* AppDelegate.swift in Sources */ = {isa = PBXBuildFile; fileRef = 05C4AA0F20910C6200D815C7 /* AppDelegate.swift */; };
		05C4AA1220910C6200D815C7 /* Acceso.swift in Sources */ = {isa = PBXBuildFile; fileRef = 05C4AA1120910C6200D815C7 /* Acceso.swift */; };
		05C4AA1520910C6200D815C7 /* Main.storyboard in Resources */ = {isa = PBXBuildFile; fileRef = 05C4AA1320910C6200D815C7 /* Main.storyboard */; };
		05C4AA1820910C6200D815C7 /* Bitcoins_Laura.xcdatamodeld in Sources */ = {isa = PBXBuildFile; fileRef = 05C4AA1620910C6200D815C7 /* Bitcoins_Laura.xcdatamodeld */; };
		05C4AA1A20910C6300D815C7 /* Assets.xcassets in Resources */ = {isa = PBXBuildFile; fileRef = 05C4AA1920910C6300D815C7 /* Assets.xcassets */; };
		05C4AA1D20910C6300D815C7 /* LaunchScreen.storyboard in Resources */ = {isa = PBXBuildFile; fileRef = 05C4AA1B20910C6300D815C7 /* LaunchScreen.storyboard */; };
		05C4AA2520911BF700D815C7 /* CompraBitcoins.swift in Sources */ = {isa = PBXBuildFile; fileRef = 05C4AA2420911BF700D815C7 /* CompraBitcoins.swift */; };
		05C4AA2720911E3300D815C7 /* Comprobante.swift in Sources */ = {isa = PBXBuildFile; fileRef = 05C4AA2620911E3300D815C7 /* Comprobante.swift */; };
/* End PBXBuildFile section */

/* Begin PBXFileReference section */
		05C4AA0C20910C6200D815C7 /* Bitcoins_Laura.app */ = {isa = PBXFileReference; explicitFileType = wrapper.application; includeInIndex = 0; path = Bitcoins_Laura.app; sourceTree = BUILT_PRODUCTS_DIR; };
		05C4AA0F20910C6200D815C7 /* AppDelegate.swift */ = {isa = PBXFileReference; lastKnownFileType = sourcecode.swift; path = AppDelegate.swift; sourceTree = "<group>"; };
		05C4AA1120910C6200D815C7 /* Acceso.swift */ = {isa = PBXFileReference; lastKnownFileType = sourcecode.swift; path = Acceso.swift; sourceTree = "<group>"; };
		05C4AA1420910C6200D815C7 /* Base */ = {isa = PBXFileReference; lastKnownFileType = file.storyboard; name = Base; path = Base.lproj/Main.storyboard; sourceTree = "<group>"; };
		05C4AA1720910C6200D815C7 /* Bitcoins_Laura.xcdatamodel */ = {isa = PBXFileReference; lastKnownFileType = wrapper.xcdatamodel; path = Bitcoins_Laura.xcdatamodel; sourceTree = "<group>"; };
		05C4AA1920910C6300D815C7 /* Assets.xcassets */ = {isa = PBXFileReference; lastKnownFileType = folder.assetcatalog; path = Assets.xcassets; sourceTree = "<group>"; };
		05C4AA1C20910C6300D815C7 /* Base */ = {isa = PBXFileReference; lastKnownFileType = file.storyboard; name = Base; path = Base.lproj/LaunchScreen.storyboard; sourceTree = "<group>"; };
		05C4AA1E20910C6300D815C7 /* Info.plist */ = {isa = PBXFileReference; lastKnownFileType = text.plist.xml; path = Info.plist; sourceTree = "<group>"; };
		05C4AA2420911BF700D815C7 /* CompraBitcoins.swift */ = {isa = PBXFileReference; lastKnownFileType = sourcecode.swift; path = CompraBitcoins.swift; sourceTree = "<group>"; };
		05C4AA2620911E3300D815C7 /* Comprobante.swift */ = {isa = PBXFileReference; lastKnownFileType = sourcecode.swift; path = Comprobante.swift; sourceTree = "<group>"; };
/* End PBXFileReference section */

/* Begin PBXFrameworksBuildPhase section */
		05C4AA0920910C6200D815C7 /* Frameworks */ = {
			isa = PBXFrameworksBuildPhase;
			buildActionMask = 2147483647;
			files = (
			);
			runOnlyForDeploymentPostprocessing = 0;
		};
/* End PBXFrameworksBuildPhase section */

/* Begin PBXGroup section */
		05C4AA0320910C6200D815C7 = {
			isa = PBXGroup;
			children = (
				05C4AA0E20910C6200D815C7 /* Bitcoins_Laura */,
				05C4AA0D20910C6200D815C7 /* Products */,
			);
			sourceTree = "<group>";
		};
		05C4AA0D20910C6200D815C7 /* Products */ = {
			isa = PBXGroup;
			children = (
				05C4AA0C20910C6200D815C7 /* Bitcoins_Laura.app */,
			);
			name = Products;
			sourceTree = "<group>";
		};
		05C4AA0E20910C6200D815C7 /* Bitcoins_Laura */ = {
			isa = PBXGroup;
			children = (
				05C4AA0F20910C6200D815C7 /* AppDelegate.swift */,
				05C4AA1120910C6200D815C7 /* Acceso.swift */,
				05C4AA2420911BF700D815C7 /* CompraBitcoins.swift */,
				05C4AA2620911E3300D815C7 /* Comprobante.swift */,
				05C4AA1320910C6200D815C7 /* Main.storyboard */,
				05C4AA1920910C6300D815C7 /* Assets.xcassets */,
				05C4AA1B20910C6300D815C7 /* LaunchScreen.storyboard */,
				05C4AA1E20910C6300D815C7 /* Info.plist */,
				05C4AA1620910C6200D815C7 /* Bitcoins_Laura.xcdatamodeld */,
			);
			path = Bitcoins_Laura;
			sourceTree = "<group>";
		};
/* End PBXGroup section */

/* Begin PBXNativeTarget section */
		05C4AA0B20910C6200D815C7 /* Bitcoins_Laura */ = {
			isa = PBXNativeTarget;
			buildConfigurationList = 05C4AA2120910C6300D815C7 /* Build configuration list for PBXNativeTarget "Bitcoins_Laura" */;
			buildPhases = (
				05C4AA0820910C6200D815C7 /* Sources */,
				05C4AA0920910C6200D815C7 /* Frameworks */,
				05C4AA0A20910C6200D815C7 /* Resources */,
			);
			buildRules = (
			);
			dependencies = (
			);
			name = Bitcoins_Laura;
			productName = Bitcoins_Laura;
			productReference = 05C4AA0C20910C6200D815C7 /* Bitcoins_Laura.app */;
			productType = "com.apple.product-type.application";
		};
/* End PBXNativeTarget section */

/* Begin PBXProject section */
		05C4AA0420910C6200D815C7 /* Project object */ = {
			isa = PBXProject;
			attributes = {
				LastSwiftUpdateCheck = 0930;
				LastUpgradeCheck = 0930;
				ORGANIZATIONNAME = JCMA;
				TargetAttributes = {
					05C4AA0B20910C6200D815C7 = {
						CreatedOnToolsVersion = 9.3;
					};
				};
			};
			buildConfigurationList = 05C4AA0720910C6200D815C7 /* Build configuration list for PBXProject "Bitcoins_Laura" */;
			compatibilityVersion = "Xcode 9.3";
			developmentRegion = en;
			hasScannedForEncodings = 0;
			knownRegions = (
				en,
				Base,
			);
			mainGroup = 05C4AA0320910C6200D815C7;
			productRefGroup = 05C4AA0D20910C6200D815C7 /* Products */;
			projectDirPath = "";
			projectRoot = "";
			targets = (
				05C4AA0B20910C6200D815C7 /* Bitcoins_Laura */,
			);
		};
/* End PBXProject section */

/* Begin PBXResourcesBuildPhase section */
		05C4AA0A20910C6200D815C7 /* Resources */ = {
			isa = PBXResourcesBuildPhase;
			buildActionMask = 2147483647;
			files = (
				05C4AA1D20910C6300D815C7 /* LaunchScreen.storyboard in Resources */,
				05C4AA1A20910C6300D815C7 /* Assets.xcassets in Resources */,
				05C4AA1520910C6200D815C7 /* Main.storyboard in Resources */,
			);
			runOnlyForDeploymentPostprocessing = 0;
		};
/* End PBXResourcesBuildPhase section */

/* Begin PBXSourcesBuildPhase section */
		05C4AA0820910C6200D815C7 /* Sources */ = {
			isa = PBXSourcesBuildPhase;
			buildActionMask = 2147483647;
			files = (
				05C4AA2520911BF700D815C7 /* CompraBitcoins.swift in Sources */,
				05C4AA1820910C6200D815C7 /* Bitcoins_Laura.xcdatamodeld in Sources */,
				05C4AA1220910C6200D815C7 /* Acceso.swift in Sources */,
				05C4AA2720911E3300D815C7 /* Comprobante.swift in Sources */,
				05C4AA1020910C6200D815C7 /* AppDelegate.swift in Sources */,
			);
			runOnlyForDeploymentPostprocessing = 0;
		};
/* End PBXSourcesBuildPhase section */

/* Begin PBXVariantGroup section */
		05C4AA1320910C6200D815C7 /* Main.storyboard */ = {
			isa = PBXVariantGroup;
			children = (
				05C4AA1420910C6200D815C7 /* Base */,
			);
			name = Main.storyboard;
			sourceTree = "<group>";
		};
		05C4AA1B20910C6300D815C7 /* LaunchScreen.storyboard */ = {
			isa = PBXVariantGroup;
			children = (
				05C4AA1C20910C6300D815C7 /* Base */,
			);
			name = LaunchScreen.storyboard;
			sourceTree = "<group>";
		};
/* End PBXVariantGroup section */

/* Begin XCBuildConfiguration section */
		05C4AA1F20910C6300D815C7 /* Debug */ = {
			isa = XCBuildConfiguration;
			buildSettings = {
				ALWAYS_SEARCH_USER_PATHS = NO;
				CLANG_ANALYZER_NONNULL = YES;
				CLANG_ANALYZER_NUMBER_OBJECT_CONVERSION = YES_AGGRESSIVE;
				CLANG_CXX_LANGUAGE_STANDARD = "gnu++14";
				CLANG_CXX_LIBRARY = "libc++";
				CLANG_ENABLE_MODULES = YES;
				CLANG_ENABLE_OBJC_ARC = YES;
				CLANG_ENABLE_OBJC_WEAK = YES;
				CLANG_WARN_BLOCK_CAPTURE_AUTORELEASING = YES;
				CLANG_WARN_BOOL_CONVERSION = YES;
				CLANG_WARN_COMMA = YES;
				CLANG_WARN_CONSTANT_CONVERSION = YES;
				CLANG_WARN_DEPRECATED_OBJC_IMPLEMENTATIONS = YES;
				CLANG_WARN_DIRECT_OBJC_ISA_USAGE = YES_ERROR;
				CLANG_WARN_DOCUMENTATION_COMMENTS = YES;
				CLANG_WARN_EMPTY_BODY = YES;
				CLANG_WARN_ENUM_CONVERSION = YES;
				CLANG_WARN_INFINITE_RECURSION = YES;
				CLANG_WARN_INT_CONVERSION = YES;
				CLANG_WARN_NON_LITERAL_NULL_CONVERSION = YES;
				CLANG_WARN_OBJC_IMPLICIT_RETAIN_SELF = YES;
				CLANG_WARN_OBJC_LITERAL_CONVERSION = YES;
				CLANG_WARN_OBJC_ROOT_CLASS = YES_ERROR;
				CLANG_WARN_RANGE_LOOP_ANALYSIS = YES;
				CLANG_WARN_STRICT_PROTOTYPES = YES;
				CLANG_WARN_SUSPICIOUS_MOVE = YES;
				CLANG_WARN_UNGUARDED_AVAILABILITY = YES_AGGRESSIVE;
				CLANG_WARN_UNREACHABLE_CODE = YES;
				CLANG_WARN__DUPLICATE_METHOD_MATCH = YES;
				CODE_SIGN_IDENTITY = "iPhone Developer";
				COPY_PHASE_STRIP = NO;
				DEBUG_INFORMATION_FORMAT = dwarf;
				ENABLE_STRICT_OBJC_MSGSEND = YES;
				ENABLE_TESTABILITY = YES;
				GCC_C_LANGUAGE_STANDARD = gnu11;
				GCC_DYNAMIC_NO_PIC = NO;
				GCC_NO_COMMON_BLOCKS = YES;
				GCC_OPTIMIZATION_LEVEL = 0;
				GCC_PREPROCESSOR_DEFINITIONS = (
					"DEBUG=1",
					"$(inherited)",
				);
				GCC_WARN_64_TO_32_BIT_CONVERSION = YES;
				GCC_WARN_ABOUT_RETURN_TYPE = YES_ERROR;
				GCC_WARN_UNDECLARED_SELECTOR = YES;
				GCC_WARN_UNINITIALIZED_AUTOS = YES_AGGRESSIVE;
				GCC_WARN_UNUSED_FUNCTION = YES;
				GCC_WARN_UNUSED_VARIABLE = YES;
				IPHONEOS_DEPLOYMENT_TARGET = 11.3;
				MTL_ENABLE_DEBUG_INFO = YES;
				ONLY_ACTIVE_ARCH = YES;
				SDKROOT = iphoneos;
				SWIFT_ACTIVE_COMPILATION_CONDITIONS = DEBUG;
				SWIFT_OPTIMIZATION_LEVEL = "-Onone";
			};
			name = Debug;
		};
		05C4AA2020910C6300D815C7 /* Release */ = {
			isa = XCBuildConfiguration;
			buildSettings = {
				ALWAYS_SEARCH_USER_PATHS = NO;
				CLANG_ANALYZER_NONNULL = YES;
				CLANG_ANALYZER_NUMBER_OBJECT_CONVERSION = YES_AGGRESSIVE;
				CLANG_CXX_LANGUAGE_STANDARD = "gnu++14";
				CLANG_CXX_LIBRARY = "libc++";
				CLANG_ENABLE_MODULES = YES;
				CLANG_ENABLE_OBJC_ARC = YES;
				CLANG_ENABLE_OBJC_WEAK = YES;
				CLANG_WARN_BLOCK_CAPTURE_AUTORELEASING = YES;
				CLANG_WARN_BOOL_CONVERSION = YES;
				CLANG_WARN_COMMA = YES;
				CLANG_WARN_CONSTANT_CONVERSION = YES;
				CLANG_WARN_DEPRECATED_OBJC_IMPLEMENTATIONS = YES;
				CLANG_WARN_DIRECT_OBJC_ISA_USAGE = YES_ERROR;
				CLANG_WARN_DOCUMENTATION_COMMENTS = YES;
				CLANG_WARN_EMPTY_BODY = YES;
				CLANG_WARN_ENUM_CONVERSION = YES;
				CLANG_WARN_INFINITE_RECURSION = YES;
				CLANG_WARN_INT_CONVERSION = YES;
				CLANG_WARN_NON_LITERAL_NULL_CONVERSION = YES;
				CLANG_WARN_OBJC_IMPLICIT_RETAIN_SELF = YES;
				CLANG_WARN_OBJC_LITERAL_CONVERSION = YES;
				CLANG_WARN_OBJC_ROOT_CLASS = YES_ERROR;
				CLANG_WARN_RANGE_LOOP_ANALYSIS = YES;
				CLANG_WARN_STRICT_PROTOTYPES = YES;
				CLANG_WARN_SUSPICIOUS_MOVE = YES;
				CLANG_WARN_UNGUARDED_AVAILABILITY = YES_AGGRESSIVE;
				CLANG_WARN_UNREACHABLE_CODE = YES;
				CLANG_WARN__DUPLICATE_METHOD_MATCH = YES;
				CODE_SIGN_IDENTITY = "iPhone Developer";
				COPY_PHASE_STRIP = NO;
				DEBUG_INFORMATION_FORMAT = "dwarf-with-dsym";
				ENABLE_NS_ASSERTIONS = NO;
				ENABLE_STRICT_OBJC_MSGSEND = YES;
				GCC_C_LANGUAGE_STANDARD = gnu11;
				GCC_NO_COMMON_BLOCKS = YES;
				GCC_WARN_64_TO_32_BIT_CONVERSION = YES;
				GCC_WARN_ABOUT_RETURN_TYPE = YES_ERROR;
				GCC_WARN_UNDECLARED_SELECTOR = YES;
				GCC_WARN_UNINITIALIZED_AUTOS = YES_AGGRESSIVE;
				GCC_WARN_UNUSED_FUNCTION = YES;
				GCC_WARN_UNUSED_VARIABLE = YES;
				IPHONEOS_DEPLOYMENT_TARGET = 11.3;
				MTL_ENABLE_DEBUG_INFO = NO;
				SDKROOT = iphoneos;
				SWIFT_COMPILATION_MODE = wholemodule;
				SWIFT_OPTIMIZATION_LEVEL = "-O";
				VALIDATE_PRODUCT = YES;
			};
			name = Release;
		};
		05C4AA2220910C6300D815C7 /* Debug */ = {
			isa = XCBuildConfiguration;
			buildSettings = {
				ASSETCATALOG_COMPILER_APPICON_NAME = AppIcon;
				CODE_SIGN_STYLE = Automatic;
				INFOPLIST_FILE = Bitcoins_Laura/Info.plist;
				LD_RUNPATH_SEARCH_PATHS = (
					"$(inherited)",
					"@executable_path/Frameworks",
				);
				PRODUCT_BUNDLE_IDENTIFIER = "com.jcma.Bitcoins-Laura";
				PRODUCT_NAME = "$(TARGET_NAME)";
				SWIFT_VERSION = 4.0;
				TARGETED_DEVICE_FAMILY = "1,2";
			};
			name = Debug;
		};
		05C4AA2320910C6300D815C7 /* Release */ = {
			isa = XCBuildConfiguration;
			buildSettings = {
				ASSETCATALOG_COMPILER_APPICON_NAME = AppIcon;
				CODE_SIGN_STYLE = Automatic;
				INFOPLIST_FILE = Bitcoins_Laura/Info.plist;
				LD_RUNPATH_SEARCH_PATHS = (
					"$(inherited)",
					"@executable_path/Frameworks",
				);
				PRODUCT_BUNDLE_IDENTIFIER = "com.jcma.Bitcoins-Laura";
				PRODUCT_NAME = "$(TARGET_NAME)";
				SWIFT_VERSION = 4.0;
				TARGETED_DEVICE_FAMILY = "1,2";
			};
			name = Release;
		};
/* End XCBuildConfiguration section */

/* Begin XCConfigurationList section */
		05C4AA0720910C6200D815C7 /* Build configuration list for PBXProject "Bitcoins_Laura" */ = {
			isa = XCConfigurationList;
			buildConfigurations = (
				05C4AA1F20910C6300D815C7 /* Debug */,
				05C4AA2020910C6300D815C7 /* Release */,
			);
			defaultConfigurationIsVisible = 0;
			defaultConfigurationName = Release;
		};
		05C4AA2120910C6300D815C7 /* Build configuration list for PBXNativeTarget "Bitcoins_Laura" */ = {
			isa = XCConfigurationList;
			buildConfigurations = (
				05C4AA2220910C6300D815C7 /* Debug */,
				05C4AA2320910C6300D815C7 /* Release */,
			);
			defaultConfigurationIsVisible = 0;
			defaultConfigurationName = Release;
		};
/* End XCConfigurationList section */

/* Begin XCVersionGroup section */
		05C4AA1620910C6200D815C7 /* Bitcoins_Laura.xcdatamodeld */ = {
			isa = XCVersionGroup;
			children = (
				05C4AA1720910C6200D815C7 /* Bitcoins_Laura.xcdatamodel */,
			);
			currentVersion = 05C4AA1720910C6200D815C7 /* Bitcoins_Laura.xcdatamodel */;
			path = Bitcoins_Laura.xcdatamodeld;
			sourceTree = "<group>";
			versionGroupType = wrapper.xcdatamodel;
		};
/* End XCVersionGroup section */
	};
	rootObject = 05C4AA0420910C6200D815C7 /* Project object */;
}
