// !$*UTF8*$!
{
	archiveVersion = 1;
	classes = {
	};
	objectVersion = 50;
	objects = {

/* Begin PBXBuildFile section */
		054E8A55208BF2DF00A2AD41 /* AppDelegate.swift in Sources */ = {isa = PBXBuildFile; fileRef = 054E8A54208BF2DF00A2AD41 /* AppDelegate.swift */; };
		054E8A57208BF2DF00A2AD41 /* ViewController.swift in Sources */ = {isa = PBXBuildFile; fileRef = 054E8A56208BF2DF00A2AD41 /* ViewController.swift */; };
		054E8A5A208BF2DF00A2AD41 /* Main.storyboard in Resources */ = {isa = PBXBuildFile; fileRef = 054E8A58208BF2DF00A2AD41 /* Main.storyboard */; };
		054E8A5D208BF2DF00A2AD41 /* jgh.xcdatamodeld in Sources */ = {isa = PBXBuildFile; fileRef = 054E8A5B208BF2DF00A2AD41 /* jgh.xcdatamodeld */; };
		054E8A5F208BF2DF00A2AD41 /* Assets.xcassets in Resources */ = {isa = PBXBuildFile; fileRef = 054E8A5E208BF2DF00A2AD41 /* Assets.xcassets */; };
		054E8A62208BF2DF00A2AD41 /* LaunchScreen.storyboard in Resources */ = {isa = PBXBuildFile; fileRef = 054E8A60208BF2DF00A2AD41 /* LaunchScreen.storyboard */; };
/* End PBXBuildFile section */

/* Begin PBXFileReference section */
		054E8A51208BF2DF00A2AD41 /* jgh.app */ = {isa = PBXFileReference; explicitFileType = wrapper.application; includeInIndex = 0; path = jgh.app; sourceTree = BUILT_PRODUCTS_DIR; };
		054E8A54208BF2DF00A2AD41 /* AppDelegate.swift */ = {isa = PBXFileReference; lastKnownFileType = sourcecode.swift; path = AppDelegate.swift; sourceTree = "<group>"; };
		054E8A56208BF2DF00A2AD41 /* ViewController.swift */ = {isa = PBXFileReference; lastKnownFileType = sourcecode.swift; path = ViewController.swift; sourceTree = "<group>"; };
		054E8A59208BF2DF00A2AD41 /* Base */ = {isa = PBXFileReference; lastKnownFileType = file.storyboard; name = Base; path = Base.lproj/Main.storyboard; sourceTree = "<group>"; };
		054E8A5C208BF2DF00A2AD41 /* jgh.xcdatamodel */ = {isa = PBXFileReference; lastKnownFileType = wrapper.xcdatamodel; path = jgh.xcdatamodel; sourceTree = "<group>"; };
		054E8A5E208BF2DF00A2AD41 /* Assets.xcassets */ = {isa = PBXFileReference; lastKnownFileType = folder.assetcatalog; path = Assets.xcassets; sourceTree = "<group>"; };
		054E8A61208BF2DF00A2AD41 /* Base */ = {isa = PBXFileReference; lastKnownFileType = file.storyboard; name = Base; path = Base.lproj/LaunchScreen.storyboard; sourceTree = "<group>"; };
		054E8A63208BF2DF00A2AD41 /* Info.plist */ = {isa = PBXFileReference; lastKnownFileType = text.plist.xml; path = Info.plist; sourceTree = "<group>"; };
/* End PBXFileReference section */

/* Begin PBXFrameworksBuildPhase section */
		054E8A4E208BF2DF00A2AD41 /* Frameworks */ = {
			isa = PBXFrameworksBuildPhase;
			buildActionMask = 2147483647;
			files = (
			);
			runOnlyForDeploymentPostprocessing = 0;
		};
/* End PBXFrameworksBuildPhase section */

/* Begin PBXGroup section */
		054E8A48208BF2DE00A2AD41 = {
			isa = PBXGroup;
			children = (
				054E8A53208BF2DF00A2AD41 /* jgh */,
				054E8A52208BF2DF00A2AD41 /* Products */,
			);
			sourceTree = "<group>";
		};
		054E8A52208BF2DF00A2AD41 /* Products */ = {
			isa = PBXGroup;
			children = (
				054E8A51208BF2DF00A2AD41 /* jgh.app */,
			);
			name = Products;
			sourceTree = "<group>";
		};
		054E8A53208BF2DF00A2AD41 /* jgh */ = {
			isa = PBXGroup;
			children = (
				054E8A54208BF2DF00A2AD41 /* AppDelegate.swift */,
				054E8A56208BF2DF00A2AD41 /* ViewController.swift */,
				054E8A58208BF2DF00A2AD41 /* Main.storyboard */,
				054E8A5E208BF2DF00A2AD41 /* Assets.xcassets */,
				054E8A60208BF2DF00A2AD41 /* LaunchScreen.storyboard */,
				054E8A63208BF2DF00A2AD41 /* Info.plist */,
				054E8A5B208BF2DF00A2AD41 /* jgh.xcdatamodeld */,
			);
			path = jgh;
			sourceTree = "<group>";
		};
/* End PBXGroup section */

/* Begin PBXNativeTarget section */
		054E8A50208BF2DF00A2AD41 /* jgh */ = {
			isa = PBXNativeTarget;
			buildConfigurationList = 054E8A66208BF2DF00A2AD41 /* Build configuration list for PBXNativeTarget "jgh" */;
			buildPhases = (
				054E8A4D208BF2DF00A2AD41 /* Sources */,
				054E8A4E208BF2DF00A2AD41 /* Frameworks */,
				054E8A4F208BF2DF00A2AD41 /* Resources */,
			);
			buildRules = (
			);
			dependencies = (
			);
			name = jgh;
			productName = jgh;
			productReference = 054E8A51208BF2DF00A2AD41 /* jgh.app */;
			productType = "com.apple.product-type.application";
		};
/* End PBXNativeTarget section */

/* Begin PBXProject section */
		054E8A49208BF2DE00A2AD41 /* Project object */ = {
			isa = PBXProject;
			attributes = {
				LastSwiftUpdateCheck = 0930;
				LastUpgradeCheck = 0930;
				ORGANIZATIONNAME = JCMA;
				TargetAttributes = {
					054E8A50208BF2DF00A2AD41 = {
						CreatedOnToolsVersion = 9.3;
					};
				};
			};
			buildConfigurationList = 054E8A4C208BF2DE00A2AD41 /* Build configuration list for PBXProject "jgh" */;
			compatibilityVersion = "Xcode 9.3";
			developmentRegion = en;
			hasScannedForEncodings = 0;
			knownRegions = (
				en,
				Base,
			);
			mainGroup = 054E8A48208BF2DE00A2AD41;
			productRefGroup = 054E8A52208BF2DF00A2AD41 /* Products */;
			projectDirPath = "";
			projectRoot = "";
			targets = (
				054E8A50208BF2DF00A2AD41 /* jgh */,
			);
		};
/* End PBXProject section */

/* Begin PBXResourcesBuildPhase section */
		054E8A4F208BF2DF00A2AD41 /* Resources */ = {
			isa = PBXResourcesBuildPhase;
			buildActionMask = 2147483647;
			files = (
				054E8A62208BF2DF00A2AD41 /* LaunchScreen.storyboard in Resources */,
				054E8A5F208BF2DF00A2AD41 /* Assets.xcassets in Resources */,
				054E8A5A208BF2DF00A2AD41 /* Main.storyboard in Resources */,
			);
			runOnlyForDeploymentPostprocessing = 0;
		};
/* End PBXResourcesBuildPhase section */

/* Begin PBXSourcesBuildPhase section */
		054E8A4D208BF2DF00A2AD41 /* Sources */ = {
			isa = PBXSourcesBuildPhase;
			buildActionMask = 2147483647;
			files = (
				054E8A57208BF2DF00A2AD41 /* ViewController.swift in Sources */,
				054E8A5D208BF2DF00A2AD41 /* jgh.xcdatamodeld in Sources */,
				054E8A55208BF2DF00A2AD41 /* AppDelegate.swift in Sources */,
			);
			runOnlyForDeploymentPostprocessing = 0;
		};
/* End PBXSourcesBuildPhase section */

/* Begin PBXVariantGroup section */
		054E8A58208BF2DF00A2AD41 /* Main.storyboard */ = {
			isa = PBXVariantGroup;
			children = (
				054E8A59208BF2DF00A2AD41 /* Base */,
			);
			name = Main.storyboard;
			sourceTree = "<group>";
		};
		054E8A60208BF2DF00A2AD41 /* LaunchScreen.storyboard */ = {
			isa = PBXVariantGroup;
			children = (
				054E8A61208BF2DF00A2AD41 /* Base */,
			);
			name = LaunchScreen.storyboard;
			sourceTree = "<group>";
		};
/* End PBXVariantGroup section */

/* Begin XCBuildConfiguration section */
		054E8A64208BF2DF00A2AD41 /* Debug */ = {
			isa = XCBuildConfiguration;
			buildSettings = {
				ALWAYS_SEARCH_USER_PATHS = NO;
				CLANG_ANALYZER_NONNULL = YES;
				CLANG_ANALYZER_NUMBER_OBJECT_CONVERSION = YES_AGGRESSIVE;
				CLANG_CXX_LANGUAGE_STANDARD = "gnu++14";
				CLANG_CXX_LIBRARY = "libc++";
				CLANG_ENABLE_MODULES = YES;
				CLANG_ENABLE_OBJC_ARC = YES;
				CLANG_ENABLE_OBJC_WEAK = YES;
				CLANG_WARN_BLOCK_CAPTURE_AUTORELEASING = YES;
				CLANG_WARN_BOOL_CONVERSION = YES;
				CLANG_WARN_COMMA = YES;
				CLANG_WARN_CONSTANT_CONVERSION = YES;
				CLANG_WARN_DEPRECATED_OBJC_IMPLEMENTATIONS = YES;
				CLANG_WARN_DIRECT_OBJC_ISA_USAGE = YES_ERROR;
				CLANG_WARN_DOCUMENTATION_COMMENTS = YES;
				CLANG_WARN_EMPTY_BODY = YES;
				CLANG_WARN_ENUM_CONVERSION = YES;
				CLANG_WARN_INFINITE_RECURSION = YES;
				CLANG_WARN_INT_CONVERSION = YES;
				CLANG_WARN_NON_LITERAL_NULL_CONVERSION = YES;
				CLANG_WARN_OBJC_IMPLICIT_RETAIN_SELF = YES;
				CLANG_WARN_OBJC_LITERAL_CONVERSION = YES;
				CLANG_WARN_OBJC_ROOT_CLASS = YES_ERROR;
				CLANG_WARN_RANGE_LOOP_ANALYSIS = YES;
				CLANG_WARN_STRICT_PROTOTYPES = YES;
				CLANG_WARN_SUSPICIOUS_MOVE = YES;
				CLANG_WARN_UNGUARDED_AVAILABILITY = YES_AGGRESSIVE;
				CLANG_WARN_UNREACHABLE_CODE = YES;
				CLANG_WARN__DUPLICATE_METHOD_MATCH = YES;
				CODE_SIGN_IDENTITY = "iPhone Developer";
				COPY_PHASE_STRIP = NO;
				DEBUG_INFORMATION_FORMAT = dwarf;
				ENABLE_STRICT_OBJC_MSGSEND = YES;
				ENABLE_TESTABILITY = YES;
				GCC_C_LANGUAGE_STANDARD = gnu11;
				GCC_DYNAMIC_NO_PIC = NO;
				GCC_NO_COMMON_BLOCKS = YES;
				GCC_OPTIMIZATION_LEVEL = 0;
				GCC_PREPROCESSOR_DEFINITIONS = (
					"DEBUG=1",
					"$(inherited)",
				);
				GCC_WARN_64_TO_32_BIT_CONVERSION = YES;
				GCC_WARN_ABOUT_RETURN_TYPE = YES_ERROR;
				GCC_WARN_UNDECLARED_SELECTOR = YES;
				GCC_WARN_UNINITIALIZED_AUTOS = YES_AGGRESSIVE;
				GCC_WARN_UNUSED_FUNCTION = YES;
				GCC_WARN_UNUSED_VARIABLE = YES;
				IPHONEOS_DEPLOYMENT_TARGET = 11.3;
				MTL_ENABLE_DEBUG_INFO = YES;
				ONLY_ACTIVE_ARCH = YES;
				SDKROOT = iphoneos;
				SWIFT_ACTIVE_COMPILATION_CONDITIONS = DEBUG;
				SWIFT_OPTIMIZATION_LEVEL = "-Onone";
			};
			name = Debug;
		};
		054E8A65208BF2DF00A2AD41 /* Release */ = {
			isa = XCBuildConfiguration;
			buildSettings = {
				ALWAYS_SEARCH_USER_PATHS = NO;
				CLANG_ANALYZER_NONNULL = YES;
				CLANG_ANALYZER_NUMBER_OBJECT_CONVERSION = YES_AGGRESSIVE;
				CLANG_CXX_LANGUAGE_STANDARD = "gnu++14";
				CLANG_CXX_LIBRARY = "libc++";
				CLANG_ENABLE_MODULES = YES;
				CLANG_ENABLE_OBJC_ARC = YES;
				CLANG_ENABLE_OBJC_WEAK = YES;
				CLANG_WARN_BLOCK_CAPTURE_AUTORELEASING = YES;
				CLANG_WARN_BOOL_CONVERSION = YES;
				CLANG_WARN_COMMA = YES;
				CLANG_WARN_CONSTANT_CONVERSION = YES;
				CLANG_WARN_DEPRECATED_OBJC_IMPLEMENTATIONS = YES;
				CLANG_WARN_DIRECT_OBJC_ISA_USAGE = YES_ERROR;
				CLANG_WARN_DOCUMENTATION_COMMENTS = YES;
				CLANG_WARN_EMPTY_BODY = YES;
				CLANG_WARN_ENUM_CONVERSION = YES;
				CLANG_WARN_INFINITE_RECURSION = YES;
				CLANG_WARN_INT_CONVERSION = YES;
				CLANG_WARN_NON_LITERAL_NULL_CONVERSION = YES;
				CLANG_WARN_OBJC_IMPLICIT_RETAIN_SELF = YES;
				CLANG_WARN_OBJC_LITERAL_CONVERSION = YES;
				CLANG_WARN_OBJC_ROOT_CLASS = YES_ERROR;
				CLANG_WARN_RANGE_LOOP_ANALYSIS = YES;
				CLANG_WARN_STRICT_PROTOTYPES = YES;
				CLANG_WARN_SUSPICIOUS_MOVE = YES;
				CLANG_WARN_UNGUARDED_AVAILABILITY = YES_AGGRESSIVE;
				CLANG_WARN_UNREACHABLE_CODE = YES;
				CLANG_WARN__DUPLICATE_METHOD_MATCH = YES;
				CODE_SIGN_IDENTITY = "iPhone Developer";
				COPY_PHASE_STRIP = NO;
				DEBUG_INFORMATION_FORMAT = "dwarf-with-dsym";
				ENABLE_NS_ASSERTIONS = NO;
				ENABLE_STRICT_OBJC_MSGSEND = YES;
				GCC_C_LANGUAGE_STANDARD = gnu11;
				GCC_NO_COMMON_BLOCKS = YES;
				GCC_WARN_64_TO_32_BIT_CONVERSION = YES;
				GCC_WARN_ABOUT_RETURN_TYPE = YES_ERROR;
				GCC_WARN_UNDECLARED_SELECTOR = YES;
				GCC_WARN_UNINITIALIZED_AUTOS = YES_AGGRESSIVE;
				GCC_WARN_UNUSED_FUNCTION = YES;
				GCC_WARN_UNUSED_VARIABLE = YES;
				IPHONEOS_DEPLOYMENT_TARGET = 11.3;
				MTL_ENABLE_DEBUG_INFO = NO;
				SDKROOT = iphoneos;
				SWIFT_COMPILATION_MODE = wholemodule;
				SWIFT_OPTIMIZATION_LEVEL = "-O";
				VALIDATE_PRODUCT = YES;
			};
			name = Release;
		};
		054E8A67208BF2DF00A2AD41 /* Debug */ = {
			isa = XCBuildConfiguration;
			buildSettings = {
				ASSETCATALOG_COMPILER_APPICON_NAME = AppIcon;
				CODE_SIGN_STYLE = Automatic;
				INFOPLIST_FILE = jgh/Info.plist;
				LD_RUNPATH_SEARCH_PATHS = (
					"$(inherited)",
					"@executable_path/Frameworks",
				);
				PRODUCT_BUNDLE_IDENTIFIER = com.jcma.jgh;
				PRODUCT_NAME = "$(TARGET_NAME)";
				SWIFT_VERSION = 4.0;
				TARGETED_DEVICE_FAMILY = "1,2";
			};
			name = Debug;
		};
		054E8A68208BF2DF00A2AD41 /* Release */ = {
			isa = XCBuildConfiguration;
			buildSettings = {
				ASSETCATALOG_COMPILER_APPICON_NAME = AppIcon;
				CODE_SIGN_STYLE = Automatic;
				INFOPLIST_FILE = jgh/Info.plist;
				LD_RUNPATH_SEARCH_PATHS = (
					"$(inherited)",
					"@executable_path/Frameworks",
				);
				PRODUCT_BUNDLE_IDENTIFIER = com.jcma.jgh;
				PRODUCT_NAME = "$(TARGET_NAME)";
				SWIFT_VERSION = 4.0;
				TARGETED_DEVICE_FAMILY = "1,2";
			};
			name = Release;
		};
/* End XCBuildConfiguration section */

/* Begin XCConfigurationList section */
		054E8A4C208BF2DE00A2AD41 /* Build configuration list for PBXProject "jgh" */ = {
			isa = XCConfigurationList;
			buildConfigurations = (
				054E8A64208BF2DF00A2AD41 /* Debug */,
				054E8A65208BF2DF00A2AD41 /* Release */,
			);
			defaultConfigurationIsVisible = 0;
			defaultConfigurationName = Release;
		};
		054E8A66208BF2DF00A2AD41 /* Build configuration list for PBXNativeTarget "jgh" */ = {
			isa = XCConfigurationList;
			buildConfigurations = (
				054E8A67208BF2DF00A2AD41 /* Debug */,
				054E8A68208BF2DF00A2AD41 /* Release */,
			);
			defaultConfigurationIsVisible = 0;
			defaultConfigurationName = Release;
		};
/* End XCConfigurationList section */

/* Begin XCVersionGroup section */
		054E8A5B208BF2DF00A2AD41 /* jgh.xcdatamodeld */ = {
			isa = XCVersionGroup;
			children = (
				054E8A5C208BF2DF00A2AD41 /* jgh.xcdatamodel */,
			);
			currentVersion = 054E8A5C208BF2DF00A2AD41 /* jgh.xcdatamodel */;
			path = jgh.xcdatamodeld;
			sourceTree = "<group>";
			versionGroupType = wrapper.xcdatamodel;
		};
/* End XCVersionGroup section */
	};
	rootObject = 054E8A49208BF2DE00A2AD41 /* Project object */;
}
