// !$*UTF8*$!
{
	archiveVersion = 1;
	classes = {
	};
	objectVersion = 50;
	objects = {

/* Begin PBXBuildFile section */
		05E0CAD9208BC9BF009EC2F0 /* AppDelegate.swift in Sources */ = {isa = PBXBuildFile; fileRef = 05E0CAD8208BC9BF009EC2F0 /* AppDelegate.swift */; };
		05E0CADB208BC9BF009EC2F0 /* ViewController.swift in Sources */ = {isa = PBXBuildFile; fileRef = 05E0CADA208BC9BF009EC2F0 /* ViewController.swift */; };
		05E0CADE208BC9BF009EC2F0 /* Main.storyboard in Resources */ = {isa = PBXBuildFile; fileRef = 05E0CADC208BC9BF009EC2F0 /* Main.storyboard */; };
		05E0CAE1208BC9BF009EC2F0 /* LauraBlanc_Quiz1.xcdatamodeld in Sources */ = {isa = PBXBuildFile; fileRef = 05E0CADF208BC9BF009EC2F0 /* LauraBlanc_Quiz1.xcdatamodeld */; };
		05E0CAE3208BC9C1009EC2F0 /* Assets.xcassets in Resources */ = {isa = PBXBuildFile; fileRef = 05E0CAE2208BC9C1009EC2F0 /* Assets.xcassets */; };
		05E0CAE6208BC9C1009EC2F0 /* LaunchScreen.storyboard in Resources */ = {isa = PBXBuildFile; fileRef = 05E0CAE4208BC9C1009EC2F0 /* LaunchScreen.storyboard */; };
/* End PBXBuildFile section */

/* Begin PBXFileReference section */
		05E0CAD5208BC9BF009EC2F0 /* LauraBlanc_Quiz1.app */ = {isa = PBXFileReference; explicitFileType = wrapper.application; includeInIndex = 0; path = LauraBlanc_Quiz1.app; sourceTree = BUILT_PRODUCTS_DIR; };
		05E0CAD8208BC9BF009EC2F0 /* AppDelegate.swift */ = {isa = PBXFileReference; lastKnownFileType = sourcecode.swift; path = AppDelegate.swift; sourceTree = "<group>"; };
		05E0CADA208BC9BF009EC2F0 /* ViewController.swift */ = {isa = PBXFileReference; lastKnownFileType = sourcecode.swift; path = ViewController.swift; sourceTree = "<group>"; };
		05E0CADD208BC9BF009EC2F0 /* Base */ = {isa = PBXFileReference; lastKnownFileType = file.storyboard; name = Base; path = Base.lproj/Main.storyboard; sourceTree = "<group>"; };
		05E0CAE0208BC9BF009EC2F0 /* LauraBlanc_Quiz1.xcdatamodel */ = {isa = PBXFileReference; lastKnownFileType = wrapper.xcdatamodel; path = LauraBlanc_Quiz1.xcdatamodel; sourceTree = "<group>"; };
		05E0CAE2208BC9C1009EC2F0 /* Assets.xcassets */ = {isa = PBXFileReference; lastKnownFileType = folder.assetcatalog; path = Assets.xcassets; sourceTree = "<group>"; };
		05E0CAE5208BC9C1009EC2F0 /* Base */ = {isa = PBXFileReference; lastKnownFileType = file.storyboard; name = Base; path = Base.lproj/LaunchScreen.storyboard; sourceTree = "<group>"; };
		05E0CAE7208BC9C1009EC2F0 /* Info.plist */ = {isa = PBXFileReference; lastKnownFileType = text.plist.xml; path = Info.plist; sourceTree = "<group>"; };
/* End PBXFileReference section */

/* Begin PBXFrameworksBuildPhase section */
		05E0CAD2208BC9BF009EC2F0 /* Frameworks */ = {
			isa = PBXFrameworksBuildPhase;
			buildActionMask = 2147483647;
			files = (
			);
			runOnlyForDeploymentPostprocessing = 0;
		};
/* End PBXFrameworksBuildPhase section */

/* Begin PBXGroup section */
		05E0CACC208BC9BF009EC2F0 = {
			isa = PBXGroup;
			children = (
				05E0CAD7208BC9BF009EC2F0 /* LauraBlanc_Quiz1 */,
				05E0CAD6208BC9BF009EC2F0 /* Products */,
			);
			sourceTree = "<group>";
		};
		05E0CAD6208BC9BF009EC2F0 /* Products */ = {
			isa = PBXGroup;
			children = (
				05E0CAD5208BC9BF009EC2F0 /* LauraBlanc_Quiz1.app */,
			);
			name = Products;
			sourceTree = "<group>";
		};
		05E0CAD7208BC9BF009EC2F0 /* LauraBlanc_Quiz1 */ = {
			isa = PBXGroup;
			children = (
				05E0CAD8208BC9BF009EC2F0 /* AppDelegate.swift */,
				05E0CADA208BC9BF009EC2F0 /* ViewController.swift */,
				05E0CADC208BC9BF009EC2F0 /* Main.storyboard */,
				05E0CAE2208BC9C1009EC2F0 /* Assets.xcassets */,
				05E0CAE4208BC9C1009EC2F0 /* LaunchScreen.storyboard */,
				05E0CAE7208BC9C1009EC2F0 /* Info.plist */,
				05E0CADF208BC9BF009EC2F0 /* LauraBlanc_Quiz1.xcdatamodeld */,
			);
			path = LauraBlanc_Quiz1;
			sourceTree = "<group>";
		};
/* End PBXGroup section */

/* Begin PBXNativeTarget section */
		05E0CAD4208BC9BF009EC2F0 /* LauraBlanc_Quiz1 */ = {
			isa = PBXNativeTarget;
			buildConfigurationList = 05E0CAEA208BC9C1009EC2F0 /* Build configuration list for PBXNativeTarget "LauraBlanc_Quiz1" */;
			buildPhases = (
				05E0CAD1208BC9BF009EC2F0 /* Sources */,
				05E0CAD2208BC9BF009EC2F0 /* Frameworks */,
				05E0CAD3208BC9BF009EC2F0 /* Resources */,
			);
			buildRules = (
			);
			dependencies = (
			);
			name = LauraBlanc_Quiz1;
			productName = LauraBlanc_Quiz1;
			productReference = 05E0CAD5208BC9BF009EC2F0 /* LauraBlanc_Quiz1.app */;
			productType = "com.apple.product-type.application";
		};
/* End PBXNativeTarget section */

/* Begin PBXProject section */
		05E0CACD208BC9BF009EC2F0 /* Project object */ = {
			isa = PBXProject;
			attributes = {
				LastSwiftUpdateCheck = 0930;
				LastUpgradeCheck = 0930;
				ORGANIZATIONNAME = JCMA;
				TargetAttributes = {
					05E0CAD4208BC9BF009EC2F0 = {
						CreatedOnToolsVersion = 9.3;
					};
				};
			};
			buildConfigurationList = 05E0CAD0208BC9BF009EC2F0 /* Build configuration list for PBXProject "LauraBlanc_Quiz1" */;
			compatibilityVersion = "Xcode 9.3";
			developmentRegion = en;
			hasScannedForEncodings = 0;
			knownRegions = (
				en,
				Base,
			);
			mainGroup = 05E0CACC208BC9BF009EC2F0;
			productRefGroup = 05E0CAD6208BC9BF009EC2F0 /* Products */;
			projectDirPath = "";
			projectRoot = "";
			targets = (
				05E0CAD4208BC9BF009EC2F0 /* LauraBlanc_Quiz1 */,
			);
		};
/* End PBXProject section */

/* Begin PBXResourcesBuildPhase section */
		05E0CAD3208BC9BF009EC2F0 /* Resources */ = {
			isa = PBXResourcesBuildPhase;
			buildActionMask = 2147483647;
			files = (
				05E0CAE6208BC9C1009EC2F0 /* LaunchScreen.storyboard in Resources */,
				05E0CAE3208BC9C1009EC2F0 /* Assets.xcassets in Resources */,
				05E0CADE208BC9BF009EC2F0 /* Main.storyboard in Resources */,
			);
			runOnlyForDeploymentPostprocessing = 0;
		};
/* End PBXResourcesBuildPhase section */

/* Begin PBXSourcesBuildPhase section */
		05E0CAD1208BC9BF009EC2F0 /* Sources */ = {
			isa = PBXSourcesBuildPhase;
			buildActionMask = 2147483647;
			files = (
				05E0CADB208BC9BF009EC2F0 /* ViewController.swift in Sources */,
				05E0CAE1208BC9BF009EC2F0 /* LauraBlanc_Quiz1.xcdatamodeld in Sources */,
				05E0CAD9208BC9BF009EC2F0 /* AppDelegate.swift in Sources */,
			);
			runOnlyForDeploymentPostprocessing = 0;
		};
/* End PBXSourcesBuildPhase section */

/* Begin PBXVariantGroup section */
		05E0CADC208BC9BF009EC2F0 /* Main.storyboard */ = {
			isa = PBXVariantGroup;
			children = (
				05E0CADD208BC9BF009EC2F0 /* Base */,
			);
			name = Main.storyboard;
			sourceTree = "<group>";
		};
		05E0CAE4208BC9C1009EC2F0 /* LaunchScreen.storyboard */ = {
			isa = PBXVariantGroup;
			children = (
				05E0CAE5208BC9C1009EC2F0 /* Base */,
			);
			name = LaunchScreen.storyboard;
			sourceTree = "<group>";
		};
/* End PBXVariantGroup section */

/* Begin XCBuildConfiguration section */
		05E0CAE8208BC9C1009EC2F0 /* Debug */ = {
			isa = XCBuildConfiguration;
			buildSettings = {
				ALWAYS_SEARCH_USER_PATHS = NO;
				CLANG_ANALYZER_NONNULL = YES;
				CLANG_ANALYZER_NUMBER_OBJECT_CONVERSION = YES_AGGRESSIVE;
				CLANG_CXX_LANGUAGE_STANDARD = "gnu++14";
				CLANG_CXX_LIBRARY = "libc++";
				CLANG_ENABLE_MODULES = YES;
				CLANG_ENABLE_OBJC_ARC = YES;
				CLANG_ENABLE_OBJC_WEAK = YES;
				CLANG_WARN_BLOCK_CAPTURE_AUTORELEASING = YES;
				CLANG_WARN_BOOL_CONVERSION = YES;
				CLANG_WARN_COMMA = YES;
				CLANG_WARN_CONSTANT_CONVERSION = YES;
				CLANG_WARN_DEPRECATED_OBJC_IMPLEMENTATIONS = YES;
				CLANG_WARN_DIRECT_OBJC_ISA_USAGE = YES_ERROR;
				CLANG_WARN_DOCUMENTATION_COMMENTS = YES;
				CLANG_WARN_EMPTY_BODY = YES;
				CLANG_WARN_ENUM_CONVERSION = YES;
				CLANG_WARN_INFINITE_RECURSION = YES;
				CLANG_WARN_INT_CONVERSION = YES;
				CLANG_WARN_NON_LITERAL_NULL_CONVERSION = YES;
				CLANG_WARN_OBJC_IMPLICIT_RETAIN_SELF = YES;
				CLANG_WARN_OBJC_LITERAL_CONVERSION = YES;
				CLANG_WARN_OBJC_ROOT_CLASS = YES_ERROR;
				CLANG_WARN_RANGE_LOOP_ANALYSIS = YES;
				CLANG_WARN_STRICT_PROTOTYPES = YES;
				CLANG_WARN_SUSPICIOUS_MOVE = YES;
				CLANG_WARN_UNGUARDED_AVAILABILITY = YES_AGGRESSIVE;
				CLANG_WARN_UNREACHABLE_CODE = YES;
				CLANG_WARN__DUPLICATE_METHOD_MATCH = YES;
				CODE_SIGN_IDENTITY = "iPhone Developer";
				COPY_PHASE_STRIP = NO;
				DEBUG_INFORMATION_FORMAT = dwarf;
				ENABLE_STRICT_OBJC_MSGSEND = YES;
				ENABLE_TESTABILITY = YES;
				GCC_C_LANGUAGE_STANDARD = gnu11;
				GCC_DYNAMIC_NO_PIC = NO;
				GCC_NO_COMMON_BLOCKS = YES;
				GCC_OPTIMIZATION_LEVEL = 0;
				GCC_PREPROCESSOR_DEFINITIONS = (
					"DEBUG=1",
					"$(inherited)",
				);
				GCC_WARN_64_TO_32_BIT_CONVERSION = YES;
				GCC_WARN_ABOUT_RETURN_TYPE = YES_ERROR;
				GCC_WARN_UNDECLARED_SELECTOR = YES;
				GCC_WARN_UNINITIALIZED_AUTOS = YES_AGGRESSIVE;
				GCC_WARN_UNUSED_FUNCTION = YES;
				GCC_WARN_UNUSED_VARIABLE = YES;
				IPHONEOS_DEPLOYMENT_TARGET = 11.3;
				MTL_ENABLE_DEBUG_INFO = YES;
				ONLY_ACTIVE_ARCH = YES;
				SDKROOT = iphoneos;
				SWIFT_ACTIVE_COMPILATION_CONDITIONS = DEBUG;
				SWIFT_OPTIMIZATION_LEVEL = "-Onone";
			};
			name = Debug;
		};
		05E0CAE9208BC9C1009EC2F0 /* Release */ = {
			isa = XCBuildConfiguration;
			buildSettings = {
				ALWAYS_SEARCH_USER_PATHS = NO;
				CLANG_ANALYZER_NONNULL = YES;
				CLANG_ANALYZER_NUMBER_OBJECT_CONVERSION = YES_AGGRESSIVE;
				CLANG_CXX_LANGUAGE_STANDARD = "gnu++14";
				CLANG_CXX_LIBRARY = "libc++";
				CLANG_ENABLE_MODULES = YES;
				CLANG_ENABLE_OBJC_ARC = YES;
				CLANG_ENABLE_OBJC_WEAK = YES;
				CLANG_WARN_BLOCK_CAPTURE_AUTORELEASING = YES;
				CLANG_WARN_BOOL_CONVERSION = YES;
				CLANG_WARN_COMMA = YES;
				CLANG_WARN_CONSTANT_CONVERSION = YES;
				CLANG_WARN_DEPRECATED_OBJC_IMPLEMENTATIONS = YES;
				CLANG_WARN_DIRECT_OBJC_ISA_USAGE = YES_ERROR;
				CLANG_WARN_DOCUMENTATION_COMMENTS = YES;
				CLANG_WARN_EMPTY_BODY = YES;
				CLANG_WARN_ENUM_CONVERSION = YES;
				CLANG_WARN_INFINITE_RECURSION = YES;
				CLANG_WARN_INT_CONVERSION = YES;
				CLANG_WARN_NON_LITERAL_NULL_CONVERSION = YES;
				CLANG_WARN_OBJC_IMPLICIT_RETAIN_SELF = YES;
				CLANG_WARN_OBJC_LITERAL_CONVERSION = YES;
				CLANG_WARN_OBJC_ROOT_CLASS = YES_ERROR;
				CLANG_WARN_RANGE_LOOP_ANALYSIS = YES;
				CLANG_WARN_STRICT_PROTOTYPES = YES;
				CLANG_WARN_SUSPICIOUS_MOVE = YES;
				CLANG_WARN_UNGUARDED_AVAILABILITY = YES_AGGRESSIVE;
				CLANG_WARN_UNREACHABLE_CODE = YES;
				CLANG_WARN__DUPLICATE_METHOD_MATCH = YES;
				CODE_SIGN_IDENTITY = "iPhone Developer";
				COPY_PHASE_STRIP = NO;
				DEBUG_INFORMATION_FORMAT = "dwarf-with-dsym";
				ENABLE_NS_ASSERTIONS = NO;
				ENABLE_STRICT_OBJC_MSGSEND = YES;
				GCC_C_LANGUAGE_STANDARD = gnu11;
				GCC_NO_COMMON_BLOCKS = YES;
				GCC_WARN_64_TO_32_BIT_CONVERSION = YES;
				GCC_WARN_ABOUT_RETURN_TYPE = YES_ERROR;
				GCC_WARN_UNDECLARED_SELECTOR = YES;
				GCC_WARN_UNINITIALIZED_AUTOS = YES_AGGRESSIVE;
				GCC_WARN_UNUSED_FUNCTION = YES;
				GCC_WARN_UNUSED_VARIABLE = YES;
				IPHONEOS_DEPLOYMENT_TARGET = 11.3;
				MTL_ENABLE_DEBUG_INFO = NO;
				SDKROOT = iphoneos;
				SWIFT_COMPILATION_MODE = wholemodule;
				SWIFT_OPTIMIZATION_LEVEL = "-O";
				VALIDATE_PRODUCT = YES;
			};
			name = Release;
		};
		05E0CAEB208BC9C1009EC2F0 /* Debug */ = {
			isa = XCBuildConfiguration;
			buildSettings = {
				ASSETCATALOG_COMPILER_APPICON_NAME = AppIcon;
				CODE_SIGN_STYLE = Automatic;
				INFOPLIST_FILE = LauraBlanc_Quiz1/Info.plist;
				LD_RUNPATH_SEARCH_PATHS = (
					"$(inherited)",
					"@executable_path/Frameworks",
				);
				PRODUCT_BUNDLE_IDENTIFIER = "com.jcma.LauraBlanc-Quiz1";
				PRODUCT_NAME = "$(TARGET_NAME)";
				SWIFT_VERSION = 4.0;
				TARGETED_DEVICE_FAMILY = "1,2";
			};
			name = Debug;
		};
		05E0CAEC208BC9C1009EC2F0 /* Release */ = {
			isa = XCBuildConfiguration;
			buildSettings = {
				ASSETCATALOG_COMPILER_APPICON_NAME = AppIcon;
				CODE_SIGN_STYLE = Automatic;
				INFOPLIST_FILE = LauraBlanc_Quiz1/Info.plist;
				LD_RUNPATH_SEARCH_PATHS = (
					"$(inherited)",
					"@executable_path/Frameworks",
				);
				PRODUCT_BUNDLE_IDENTIFIER = "com.jcma.LauraBlanc-Quiz1";
				PRODUCT_NAME = "$(TARGET_NAME)";
				SWIFT_VERSION = 4.0;
				TARGETED_DEVICE_FAMILY = "1,2";
			};
			name = Release;
		};
/* End XCBuildConfiguration section */

/* Begin XCConfigurationList section */
		05E0CAD0208BC9BF009EC2F0 /* Build configuration list for PBXProject "LauraBlanc_Quiz1" */ = {
			isa = XCConfigurationList;
			buildConfigurations = (
				05E0CAE8208BC9C1009EC2F0 /* Debug */,
				05E0CAE9208BC9C1009EC2F0 /* Release */,
			);
			defaultConfigurationIsVisible = 0;
			defaultConfigurationName = Release;
		};
		05E0CAEA208BC9C1009EC2F0 /* Build configuration list for PBXNativeTarget "LauraBlanc_Quiz1" */ = {
			isa = XCConfigurationList;
			buildConfigurations = (
				05E0CAEB208BC9C1009EC2F0 /* Debug */,
				05E0CAEC208BC9C1009EC2F0 /* Release */,
			);
			defaultConfigurationIsVisible = 0;
			defaultConfigurationName = Release;
		};
/* End XCConfigurationList section */

/* Begin XCVersionGroup section */
		05E0CADF208BC9BF009EC2F0 /* LauraBlanc_Quiz1.xcdatamodeld */ = {
			isa = XCVersionGroup;
			children = (
				05E0CAE0208BC9BF009EC2F0 /* LauraBlanc_Quiz1.xcdatamodel */,
			);
			currentVersion = 05E0CAE0208BC9BF009EC2F0 /* LauraBlanc_Quiz1.xcdatamodel */;
			path = LauraBlanc_Quiz1.xcdatamodeld;
			sourceTree = "<group>";
			versionGroupType = wrapper.xcdatamodel;
		};
/* End XCVersionGroup section */
	};
	rootObject = 05E0CACD208BC9BF009EC2F0 /* Project object */;
}
